Microsoft Visual Studio Solution File, Format Version 12.00
# Visual Studio Version 17
VisualStudioVersion = 17.5.2.0
MinimumVisualStudioVersion = 10.0.40219.1
Project("{FAE04EC0-301F-11D3-BF4B-00C04F79EFBC}") = "cs-new", "cs-new.csproj", "{B21F92E5-5523-44D5-2DE0-397850DFEDF2}"
EndProject
Global
	GlobalSection(SolutionConfigurationPlatforms) = preSolution
		Debug|Any CPU = Debug|Any CPU
		Release|Any CPU = Release|Any CPU
	EndGlobalSection
	GlobalSection(ProjectConfigurationPlatforms) = postSolution
		{B21F92E5-5523-44D5-2DE0-397850DFEDF2}.Debug|Any CPU.ActiveCfg = Debug|Any CPU
		{B21F92E5-5523-44D5-2DE0-397850DFEDF2}.Debug|Any CPU.Build.0 = Debug|Any CPU
		{B21F92E5-5523-44D5-2DE0-397850DFEDF2}.Release|Any CPU.ActiveCfg = Release|Any CPU
		{B21F92E5-5523-44D5-2DE0-397850DFEDF2}.Release|Any CPU.Build.0 = Release|Any CPU
	EndGlobalSection
	GlobalSection(SolutionProperties) = preSolution
		HideSolutionNode = FALSE
	EndGlobalSection
	GlobalSection(ExtensibilityGlobals) = postSolution
		SolutionGuid = {632B0B5A-14D5-4664-894C-A8A07C61263F}
	EndGlobalSection
EndGlobal
